// !$*UTF8*$!
{
	archiveVersion = 1;
	classes = {
	};
	objectVersion = 55;
	objects = {

/* Begin PBXBuildFile section */
		7680B40D28FD540700A091CD /* NBDownloads.docc in Sources */ = {isa = PBXBuildFile; fileRef = 7680B40C28FD540700A091CD /* NBDownloads.docc */; };
		7680B41328FD540700A091CD /* NBDownloads.framework in Frameworks */ = {isa = PBXBuildFile; fileRef = 7680B40828FD540700A091CD /* NBDownloads.framework */; };
		7680B41828FD540700A091CD /* NBDownloadsTests.swift in Sources */ = {isa = PBXBuildFile; fileRef = 7680B41728FD540700A091CD /* NBDownloadsTests.swift */; };
		7680B41928FD540700A091CD /* NBDownloads.h in Headers */ = {isa = PBXBuildFile; fileRef = 7680B40B28FD540700A091CD /* NBDownloads.h */; settings = {ATTRIBUTES = (Public, ); }; };
		7680B42428FD54D400A091CD /* MainViewController.swift in Sources */ = {isa = PBXBuildFile; fileRef = 7680B42328FD54D400A091CD /* MainViewController.swift */; };
		7680B42628FD54EB00A091CD /* Main.storyboard in Resources */ = {isa = PBXBuildFile; fileRef = 7680B42528FD54EB00A091CD /* Main.storyboard */; };
/* End PBXBuildFile section */

/* Begin PBXContainerItemProxy section */
		7680B41428FD540700A091CD /* PBXContainerItemProxy */ = {
			isa = PBXContainerItemProxy;
			containerPortal = 7680B3FF28FD540700A091CD /* Project object */;
			proxyType = 1;
			remoteGlobalIDString = 7680B40728FD540700A091CD;
			remoteInfo = NBDownloads;
		};
/* End PBXContainerItemProxy section */

/* Begin PBXFileReference section */
		7680B40828FD540700A091CD /* NBDownloads.framework */ = {isa = PBXFileReference; explicitFileType = wrapper.framework; includeInIndex = 0; path = NBDownloads.framework; sourceTree = BUILT_PRODUCTS_DIR; };
		7680B40B28FD540700A091CD /* NBDownloads.h */ = {isa = PBXFileReference; lastKnownFileType = sourcecode.c.h; path = NBDownloads.h; sourceTree = "<group>"; };
		7680B40C28FD540700A091CD /* NBDownloads.docc */ = {isa = PBXFileReference; lastKnownFileType = folder.documentationcatalog; path = NBDownloads.docc; sourceTree = "<group>"; };
		7680B41228FD540700A091CD /* NBDownloadsTests.xctest */ = {isa = PBXFileReference; explicitFileType = wrapper.cfbundle; includeInIndex = 0; path = NBDownloadsTests.xctest; sourceTree = BUILT_PRODUCTS_DIR; };
		7680B41728FD540700A091CD /* NBDownloadsTests.swift */ = {isa = PBXFileReference; lastKnownFileType = sourcecode.swift; path = NBDownloadsTests.swift; sourceTree = "<group>"; };
		7680B42328FD54D400A091CD /* MainViewController.swift */ = {isa = PBXFileReference; lastKnownFileType = sourcecode.swift; path = MainViewController.swift; sourceTree = "<group>"; };
		7680B42528FD54EB00A091CD /* Main.storyboard */ = {isa = PBXFileReference; lastKnownFileType = file.storyboard; path = Main.storyboard; sourceTree = "<group>"; };
/* End PBXFileReference section */

/* Begin PBXFrameworksBuildPhase section */
		7680B40528FD540700A091CD /* Frameworks */ = {
			isa = PBXFrameworksBuildPhase;
			buildActionMask = 2147483647;
			files = (
			);
			runOnlyForDeploymentPostprocessing = 0;
		};
		7680B40F28FD540700A091CD /* Frameworks */ = {
			isa = PBXFrameworksBuildPhase;
			buildActionMask = 2147483647;
			files = (
				7680B41328FD540700A091CD /* NBDownloads.framework in Frameworks */,
			);
			runOnlyForDeploymentPostprocessing = 0;
		};
/* End PBXFrameworksBuildPhase section */

/* Begin PBXGroup section */
		7680B3FE28FD540700A091CD = {
			isa = PBXGroup;
			children = (
				7680B40A28FD540700A091CD /* NBDownloads */,
				7680B41628FD540700A091CD /* NBDownloadsTests */,
				7680B40928FD540700A091CD /* Products */,
			);
			sourceTree = "<group>";
		};
		7680B40928FD540700A091CD /* Products */ = {
			isa = PBXGroup;
			children = (
				7680B40828FD540700A091CD /* NBDownloads.framework */,
				7680B41228FD540700A091CD /* NBDownloadsTests.xctest */,
			);
			name = Products;
			sourceTree = "<group>";
		};
		7680B40A28FD540700A091CD /* NBDownloads */ = {
			isa = PBXGroup;
			children = (
				7680B42228FD54C300A091CD /* Source */,
				7680B40B28FD540700A091CD /* NBDownloads.h */,
				7680B40C28FD540700A091CD /* NBDownloads.docc */,
			);
			path = NBDownloads;
			sourceTree = "<group>";
		};
		7680B41628FD540700A091CD /* NBDownloadsTests */ = {
			isa = PBXGroup;
			children = (
				7680B41728FD540700A091CD /* NBDownloadsTests.swift */,
			);
			path = NBDownloadsTests;
			sourceTree = "<group>";
		};
		7680B42228FD54C300A091CD /* Source */ = {
			isa = PBXGroup;
			children = (
				7680B42328FD54D400A091CD /* MainViewController.swift */,
				7680B42528FD54EB00A091CD /* Main.storyboard */,
			);
			path = Source;
			sourceTree = "<group>";
		};
/* End PBXGroup section */

/* Begin PBXHeadersBuildPhase section */
		7680B40328FD540700A091CD /* Headers */ = {
			isa = PBXHeadersBuildPhase;
			buildActionMask = 2147483647;
			files = (
				7680B41928FD540700A091CD /* NBDownloads.h in Headers */,
			);
			runOnlyForDeploymentPostprocessing = 0;
		};
/* End PBXHeadersBuildPhase section */

/* Begin PBXNativeTarget section */
		7680B40728FD540700A091CD /* NBDownloads */ = {
			isa = PBXNativeTarget;
			buildConfigurationList = 7680B41C28FD540700A091CD /* Build configuration list for PBXNativeTarget "NBDownloads" */;
			buildPhases = (
				7680B40328FD540700A091CD /* Headers */,
				7680B40428FD540700A091CD /* Sources */,
				7680B40528FD540700A091CD /* Frameworks */,
				7680B40628FD540700A091CD /* Resources */,
			);
			buildRules = (
			);
			dependencies = (
			);
			name = NBDownloads;
			productName = NBDownloads;
			productReference = 7680B40828FD540700A091CD /* NBDownloads.framework */;
			productType = "com.apple.product-type.framework";
		};
		7680B41128FD540700A091CD /* NBDownloadsTests */ = {
			isa = PBXNativeTarget;
			buildConfigurationList = 7680B41F28FD540700A091CD /* Build configuration list for PBXNativeTarget "NBDownloadsTests" */;
			buildPhases = (
				7680B40E28FD540700A091CD /* Sources */,
				7680B40F28FD540700A091CD /* Frameworks */,
				7680B41028FD540700A091CD /* Resources */,
			);
			buildRules = (
			);
			dependencies = (
				7680B41528FD540700A091CD /* PBXTargetDependency */,
			);
			name = NBDownloadsTests;
			productName = NBDownloadsTests;
			productReference = 7680B41228FD540700A091CD /* NBDownloadsTests.xctest */;
			productType = "com.apple.product-type.bundle.unit-test";
		};
/* End PBXNativeTarget section */

/* Begin PBXProject section */
		7680B3FF28FD540700A091CD /* Project object */ = {
			isa = PBXProject;
			attributes = {
				BuildIndependentTargetsInParallel = 1;
				LastSwiftUpdateCheck = 1400;
				LastUpgradeCheck = 1400;
				TargetAttributes = {
					7680B40728FD540700A091CD = {
						CreatedOnToolsVersion = 14.0.1;
					};
					7680B41128FD540700A091CD = {
						CreatedOnToolsVersion = 14.0.1;
					};
				};
			};
			buildConfigurationList = 7680B40228FD540700A091CD /* Build configuration list for PBXProject "NBDownloads" */;
			compatibilityVersion = "Xcode 13.0";
			developmentRegion = en;
			hasScannedForEncodings = 0;
			knownRegions = (
				en,
				Base,
			);
			mainGroup = 7680B3FE28FD540700A091CD;
			productRefGroup = 7680B40928FD540700A091CD /* Products */;
			projectDirPath = "";
			projectRoot = "";
			targets = (
				7680B40728FD540700A091CD /* NBDownloads */,
				7680B41128FD540700A091CD /* NBDownloadsTests */,
			);
		};
/* End PBXProject section */

/* Begin PBXResourcesBuildPhase section */
		7680B40628FD540700A091CD /* Resources */ = {
			isa = PBXResourcesBuildPhase;
			buildActionMask = 2147483647;
			files = (
				7680B42628FD54EB00A091CD /* Main.storyboard in Resources */,
			);
			runOnlyForDeploymentPostprocessing = 0;
		};
		7680B41028FD540700A091CD /* Resources */ = {
			isa = PBXResourcesBuildPhase;
			buildActionMask = 2147483647;
			files = (
			);
			runOnlyForDeploymentPostprocessing = 0;
		};
/* End PBXResourcesBuildPhase section */

/* Begin PBXSourcesBuildPhase section */
		7680B40428FD540700A091CD /* Sources */ = {
			isa = PBXSourcesBuildPhase;
			buildActionMask = 2147483647;
			files = (
				7680B40D28FD540700A091CD /* NBDownloads.docc in Sources */,
				7680B42428FD54D400A091CD /* MainViewController.swift in Sources */,
			);
			runOnlyForDeploymentPostprocessing = 0;
		};
		7680B40E28FD540700A091CD /* Sources */ = {
			isa = PBXSourcesBuildPhase;
			buildActionMask = 2147483647;
			files = (
				7680B41828FD540700A091CD /* NBDownloadsTests.swift in Sources */,
			);
			runOnlyForDeploymentPostprocessing = 0;
		};
/* End PBXSourcesBuildPhase section */

/* Begin PBXTargetDependency section */
		7680B41528FD540700A091CD /* PBXTargetDependency */ = {
			isa = PBXTargetDependency;
			target = 7680B40728FD540700A091CD /* NBDownloads */;
			targetProxy = 7680B41428FD540700A091CD /* PBXContainerItemProxy */;
		};
/* End PBXTargetDependency section */

/* Begin XCBuildConfiguration section */
		7680B41A28FD540700A091CD /* Debug */ = {
			isa = XCBuildConfiguration;
			buildSettings = {
				ALWAYS_SEARCH_USER_PATHS = NO;
				CLANG_ANALYZER_NONNULL = YES;
				CLANG_ANALYZER_NUMBER_OBJECT_CONVERSION = YES_AGGRESSIVE;
				CLANG_CXX_LANGUAGE_STANDARD = "gnu++20";
				CLANG_ENABLE_MODULES = YES;
				CLANG_ENABLE_OBJC_ARC = YES;
				CLANG_ENABLE_OBJC_WEAK = YES;
				CLANG_WARN_BLOCK_CAPTURE_AUTORELEASING = YES;
				CLANG_WARN_BOOL_CONVERSION = YES;
				CLANG_WARN_COMMA = YES;
				CLANG_WARN_CONSTANT_CONVERSION = YES;
				CLANG_WARN_DEPRECATED_OBJC_IMPLEMENTATIONS = YES;
				CLANG_WARN_DIRECT_OBJC_ISA_USAGE = YES_ERROR;
				CLANG_WARN_DOCUMENTATION_COMMENTS = YES;
				CLANG_WARN_EMPTY_BODY = YES;
				CLANG_WARN_ENUM_CONVERSION = YES;
				CLANG_WARN_INFINITE_RECURSION = YES;
				CLANG_WARN_INT_CONVERSION = YES;
				CLANG_WARN_NON_LITERAL_NULL_CONVERSION = YES;
				CLANG_WARN_OBJC_IMPLICIT_RETAIN_SELF = YES;
				CLANG_WARN_OBJC_LITERAL_CONVERSION = YES;
				CLANG_WARN_OBJC_ROOT_CLASS = YES_ERROR;
				CLANG_WARN_QUOTED_INCLUDE_IN_FRAMEWORK_HEADER = YES;
				CLANG_WARN_RANGE_LOOP_ANALYSIS = YES;
				CLANG_WARN_STRICT_PROTOTYPES = YES;
				CLANG_WARN_SUSPICIOUS_MOVE = YES;
				CLANG_WARN_UNGUARDED_AVAILABILITY = YES_AGGRESSIVE;
				CLANG_WARN_UNREACHABLE_CODE = YES;
				CLANG_WARN__DUPLICATE_METHOD_MATCH = YES;
				COPY_PHASE_STRIP = NO;
				CURRENT_PROJECT_VERSION = 1;
				DEBUG_INFORMATION_FORMAT = dwarf;
				ENABLE_STRICT_OBJC_MSGSEND = YES;
				ENABLE_TESTABILITY = YES;
				GCC_C_LANGUAGE_STANDARD = gnu11;
				GCC_DYNAMIC_NO_PIC = NO;
				GCC_NO_COMMON_BLOCKS = YES;
				GCC_OPTIMIZATION_LEVEL = 0;
				GCC_PREPROCESSOR_DEFINITIONS = (
					"DEBUG=1",
					"$(inherited)",
				);
				GCC_WARN_64_TO_32_BIT_CONVERSION = YES;
				GCC_WARN_ABOUT_RETURN_TYPE = YES_ERROR;
				GCC_WARN_UNDECLARED_SELECTOR = YES;
				GCC_WARN_UNINITIALIZED_AUTOS = YES_AGGRESSIVE;
				GCC_WARN_UNUSED_FUNCTION = YES;
				GCC_WARN_UNUSED_VARIABLE = YES;
				IPHONEOS_DEPLOYMENT_TARGET = 16.0;
				MTL_ENABLE_DEBUG_INFO = INCLUDE_SOURCE;
				MTL_FAST_MATH = YES;
				ONLY_ACTIVE_ARCH = YES;
				SDKROOT = iphoneos;
				SWIFT_ACTIVE_COMPILATION_CONDITIONS = DEBUG;
				SWIFT_OPTIMIZATION_LEVEL = "-Onone";
				VERSIONING_SYSTEM = "apple-generic";
				VERSION_INFO_PREFIX = "";
			};
			name = Debug;
		};
		7680B41B28FD540700A091CD /* Release */ = {
			isa = XCBuildConfiguration;
			buildSettings = {
				ALWAYS_SEARCH_USER_PATHS = NO;
				CLANG_ANALYZER_NONNULL = YES;
				CLANG_ANALYZER_NUMBER_OBJECT_CONVERSION = YES_AGGRESSIVE;
				CLANG_CXX_LANGUAGE_STANDARD = "gnu++20";
				CLANG_ENABLE_MODULES = YES;
				CLANG_ENABLE_OBJC_ARC = YES;
				CLANG_ENABLE_OBJC_WEAK = YES;
				CLANG_WARN_BLOCK_CAPTURE_AUTORELEASING = YES;
				CLANG_WARN_BOOL_CONVERSION = YES;
				CLANG_WARN_COMMA = YES;
				CLANG_WARN_CONSTANT_CONVERSION = YES;
				CLANG_WARN_DEPRECATED_OBJC_IMPLEMENTATIONS = YES;
				CLANG_WARN_DIRECT_OBJC_ISA_USAGE = YES_ERROR;
				CLANG_WARN_DOCUMENTATION_COMMENTS = YES;
				CLANG_WARN_EMPTY_BODY = YES;
				CLANG_WARN_ENUM_CONVERSION = YES;
				CLANG_WARN_INFINITE_RECURSION = YES;
				CLANG_WARN_INT_CONVERSION = YES;
				CLANG_WARN_NON_LITERAL_NULL_CONVERSION = YES;
				CLANG_WARN_OBJC_IMPLICIT_RETAIN_SELF = YES;
				CLANG_WARN_OBJC_LITERAL_CONVERSION = YES;
				CLANG_WARN_OBJC_ROOT_CLASS = YES_ERROR;
				CLANG_WARN_QUOTED_INCLUDE_IN_FRAMEWORK_HEADER = YES;
				CLANG_WARN_RANGE_LOOP_ANALYSIS = YES;
				CLANG_WARN_STRICT_PROTOTYPES = YES;
				CLANG_WARN_SUSPICIOUS_MOVE = YES;
				CLANG_WARN_UNGUARDED_AVAILABILITY = YES_AGGRESSIVE;
				CLANG_WARN_UNREACHABLE_CODE = YES;
				CLANG_WARN__DUPLICATE_METHOD_MATCH = YES;
				COPY_PHASE_STRIP = NO;
				CURRENT_PROJECT_VERSION = 1;
				DEBUG_INFORMATION_FORMAT = "dwarf-with-dsym";
				ENABLE_NS_ASSERTIONS = NO;
				ENABLE_STRICT_OBJC_MSGSEND = YES;
				GCC_C_LANGUAGE_STANDARD = gnu11;
				GCC_NO_COMMON_BLOCKS = YES;
				GCC_WARN_64_TO_32_BIT_CONVERSION = YES;
				GCC_WARN_ABOUT_RETURN_TYPE = YES_ERROR;
				GCC_WARN_UNDECLARED_SELECTOR = YES;
				GCC_WARN_UNINITIALIZED_AUTOS = YES_AGGRESSIVE;
				GCC_WARN_UNUSED_FUNCTION = YES;
				GCC_WARN_UNUSED_VARIABLE = YES;
				IPHONEOS_DEPLOYMENT_TARGET = 16.0;
				MTL_ENABLE_DEBUG_INFO = NO;
				MTL_FAST_MATH = YES;
				SDKROOT = iphoneos;
				SWIFT_COMPILATION_MODE = wholemodule;
				SWIFT_OPTIMIZATION_LEVEL = "-O";
				VALIDATE_PRODUCT = YES;
				VERSIONING_SYSTEM = "apple-generic";
				VERSION_INFO_PREFIX = "";
			};
			name = Release;
		};
		7680B41D28FD540700A091CD /* Debug */ = {
			isa = XCBuildConfiguration;
			buildSettings = {
				CODE_SIGN_STYLE = Automatic;
				CURRENT_PROJECT_VERSION = 1;
				DEFINES_MODULE = YES;
				DEVELOPMENT_TEAM = J9S7Q96E3X;
				DYLIB_COMPATIBILITY_VERSION = 1;
				DYLIB_CURRENT_VERSION = 1;
				DYLIB_INSTALL_NAME_BASE = "@rpath";
				GENERATE_INFOPLIST_FILE = YES;
				INFOPLIST_KEY_NSHumanReadableCopyright = "";
				INSTALL_PATH = "$(LOCAL_LIBRARY_DIR)/Frameworks";
				LD_RUNPATH_SEARCH_PATHS = (
					"$(inherited)",
					"@executable_path/Frameworks",
					"@loader_path/Frameworks",
				);
				MARKETING_VERSION = 1.0;
				PRODUCT_BUNDLE_IDENTIFIER = com.bhaktha.NBDownloads;
				PRODUCT_NAME = "$(TARGET_NAME:c99extidentifier)";
				SKIP_INSTALL = YES;
				SWIFT_EMIT_LOC_STRINGS = YES;
				SWIFT_VERSION = 5.0;
				TARGETED_DEVICE_FAMILY = "1,2";
			};
			name = Debug;
		};
		7680B41E28FD540700A091CD /* Release */ = {
			isa = XCBuildConfiguration;
			buildSettings = {
				CODE_SIGN_STYLE = Automatic;
				CURRENT_PROJECT_VERSION = 1;
				DEFINES_MODULE = YES;
				DEVELOPMENT_TEAM = J9S7Q96E3X;
				DYLIB_COMPATIBILITY_VERSION = 1;
				DYLIB_CURRENT_VERSION = 1;
				DYLIB_INSTALL_NAME_BASE = "@rpath";
				GENERATE_INFOPLIST_FILE = YES;
				INFOPLIST_KEY_NSHumanReadableCopyright = "";
				INSTALL_PATH = "$(LOCAL_LIBRARY_DIR)/Frameworks";
				LD_RUNPATH_SEARCH_PATHS = (
					"$(inherited)",
					"@executable_path/Frameworks",
					"@loader_path/Frameworks",
				);
				MARKETING_VERSION = 1.0;
				PRODUCT_BUNDLE_IDENTIFIER = com.bhaktha.NBDownloads;
				PRODUCT_NAME = "$(TARGET_NAME:c99extidentifier)";
				SKIP_INSTALL = YES;
				SWIFT_EMIT_LOC_STRINGS = YES;
				SWIFT_VERSION = 5.0;
				TARGETED_DEVICE_FAMILY = "1,2";
			};
			name = Release;
		};
		7680B42028FD540700A091CD /* Debug */ = {
			isa = XCBuildConfiguration;
			buildSettings = {
				ALWAYS_EMBED_SWIFT_STANDARD_LIBRARIES = YES;
				CODE_SIGN_STYLE = Automatic;
				CURRENT_PROJECT_VERSION = 1;
				DEVELOPMENT_TEAM = J9S7Q96E3X;
				GENERATE_INFOPLIST_FILE = YES;
				MARKETING_VERSION = 1.0;
				PRODUCT_BUNDLE_IDENTIFIER = com.bhaktha.NBDownloadsTests;
				PRODUCT_NAME = "$(TARGET_NAME)";
				SWIFT_EMIT_LOC_STRINGS = NO;
				SWIFT_VERSION = 5.0;
				TARGETED_DEVICE_FAMILY = "1,2";
			};
			name = Debug;
		};
		7680B42128FD540700A091CD /* Release */ = {
			isa = XCBuildConfiguration;
			buildSettings = {
				ALWAYS_EMBED_SWIFT_STANDARD_LIBRARIES = YES;
				CODE_SIGN_STYLE = Automatic;
				CURRENT_PROJECT_VERSION = 1;
				DEVELOPMENT_TEAM = J9S7Q96E3X;
				GENERATE_INFOPLIST_FILE = YES;
				MARKETING_VERSION = 1.0;
				PRODUCT_BUNDLE_IDENTIFIER = com.bhaktha.NBDownloadsTests;
				PRODUCT_NAME = "$(TARGET_NAME)";
				SWIFT_EMIT_LOC_STRINGS = NO;
				SWIFT_VERSION = 5.0;
				TARGETED_DEVICE_FAMILY = "1,2";
			};
			name = Release;
		};
/* End XCBuildConfiguration section */

/* Begin XCConfigurationList section */
		7680B40228FD540700A091CD /* Build configuration list for PBXProject "NBDownloads" */ = {
			isa = XCConfigurationList;
			buildConfigurations = (
				7680B41A28FD540700A091CD /* Debug */,
				7680B41B28FD540700A091CD /* Release */,
			);
			defaultConfigurationIsVisible = 0;
			defaultConfigurationName = Release;
		};
		7680B41C28FD540700A091CD /* Build configuration list for PBXNativeTarget "NBDownloads" */ = {
			isa = XCConfigurationList;
			buildConfigurations = (
				7680B41D28FD540700A091CD /* Debug */,
				7680B41E28FD540700A091CD /* Release */,
			);
			defaultConfigurationIsVisible = 0;
			defaultConfigurationName = Release;
		};
		7680B41F28FD540700A091CD /* Build configuration list for PBXNativeTarget "NBDownloadsTests" */ = {
			isa = XCConfigurationList;
			buildConfigurations = (
				7680B42028FD540700A091CD /* Debug */,
				7680B42128FD540700A091CD /* Release */,
			);
			defaultConfigurationIsVisible = 0;
			defaultConfigurationName = Release;
		};
/* End XCConfigurationList section */
	};
	rootObject = 7680B3FF28FD540700A091CD /* Project object */;
}
